
Microsoft Visual Studio Solution File, Format Version 12.00
# Visual Studio Version 16
VisualStudioVersion = 16.0.30517.126
MinimumVisualStudioVersion = 10.0.40219.1
Project("{FAE04EC0-301F-11D3-BF4B-00C04F79EFBC}") = "DapperDemoCRUD", "DapperDemoCRUD\DapperDemoCRUD.csproj", "{F8235A4D-90F7-49F8-A186-55971C7E20B6}"
EndProject
Global
	GlobalSection(SolutionConfigurationPlatforms) = preSolution
		Debug|Any CPU = Debug|Any CPU
		Release|Any CPU = Release|Any CPU
	EndGlobalSection
	GlobalSection(ProjectConfigurationPlatforms) = postSolution
		{F8235A4D-90F7-49F8-A186-55971C7E20B6}.Debug|Any CPU.ActiveCfg = Debug|Any CPU
		{F8235A4D-90F7-49F8-A186-55971C7E20B6}.Debug|Any CPU.Build.0 = Debug|Any CPU
		{F8235A4D-90F7-49F8-A186-55971C7E20B6}.Release|Any CPU.ActiveCfg = Release|Any CPU
		{F8235A4D-90F7-49F8-A186-55971C7E20B6}.Release|Any CPU.Build.0 = Release|Any CPU
	EndGlobalSection
	GlobalSection(SolutionProperties) = preSolution
		HideSolutionNode = FALSE
	EndGlobalSection
	GlobalSection(ExtensibilityGlobals) = postSolution
		SolutionGuid = {D1A62DA6-E5D5-46EE-831B-6FF66C1D90CB}
	EndGlobalSection
EndGlobal
